
Microsoft Visual Studio Solution File, Format Version 12.00
# Visual Studio Version 16
VisualStudioVersion = 16.0.30907.101
MinimumVisualStudioVersion = 10.0.40219.1
Project("{FAE04EC0-301F-11D3-BF4B-00C04F79EFBC}") = "ClientReservasi-20190140120", "ClientReservasi-20190140120\ClientReservasi-20190140120.csproj", "{A5C0C6F8-D816-4326-B3C8-DABF4410F564}"
EndProject
Global
	GlobalSection(SolutionConfigurationPlatforms) = preSolution
		Debug|Any CPU = Debug|Any CPU
		Release|Any CPU = Release|Any CPU
	EndGlobalSection
	GlobalSection(ProjectConfigurationPlatforms) = postSolution
		{A5C0C6F8-D816-4326-B3C8-DABF4410F564}.Debug|Any CPU.ActiveCfg = Debug|Any CPU
		{A5C0C6F8-D816-4326-B3C8-DABF4410F564}.Debug|Any CPU.Build.0 = Debug|Any CPU
		{A5C0C6F8-D816-4326-B3C8-DABF4410F564}.Release|Any CPU.ActiveCfg = Release|Any CPU
		{A5C0C6F8-D816-4326-B3C8-DABF4410F564}.Release|Any CPU.Build.0 = Release|Any CPU
	EndGlobalSection
	GlobalSection(SolutionProperties) = preSolution
		HideSolutionNode = FALSE
	EndGlobalSection
	GlobalSection(ExtensibilityGlobals) = postSolution
		SolutionGuid = {031A265D-2BAF-4356-92AD-C8D376D41E60}
	EndGlobalSection
EndGlobal
